<?xml version="1.0" encoding="utf-8"?>
<Project ToolsVersion="4.0" xmlns="http://schemas.microsoft.com/developer/msbuild/2003">
  <ItemGroup>
    <Filter Include="源文件">
      <UniqueIdentifier>{4FC737F1-C7A5-4376-A066-2A32D752A2FF}</UniqueIdentifier>
      <Extensions>cpp;c;cc;cxx;def;odl;idl;hpj;bat;asm;asmx</Extensions>
    </Filter>
    <Filter Include="资源文件">
      <UniqueIdentifier>{67DA6AB6-F800-4c08-8B7A-83BB121AAD01}</UniqueIdentifier>
      <Extensions>rc;ico;cur;bmp;dlg;rc2;rct;bin;rgs;gif;jpg;jpeg;jpe;resx;tiff;tif;png;wav;mfcribbon-ms</Extensions>
    </Filter>
    <Filter Include="zlib">
      <UniqueIdentifier>{47d5fd7b-f277-4f17-9076-7d03be5357e5}</UniqueIdentifier>
    </Filter>
    <Filter Include="zlib\源文件">
      <UniqueIdentifier>{e8f5ce54-1555-45ea-b0aa-044afdb876ac}</UniqueIdentifier>
    </Filter>
    <Filter Include="zlib\头文件">
      <UniqueIdentifier>{a422aaba-ca7f-4d6e-954f-a16279017e45}</UniqueIdentifier>
    </Filter>
    <Filter Include="源文件\头文件">
      <UniqueIdentifier>{93995380-89BD-4b04-88EB-625FBE52EBFB}</UniqueIdentifier>
      <Extensions>h;hh;hpp;hxx;hm;inl;inc;ipp;xsd</Extensions>
    </Filter>
  </ItemGroup>
  <ItemGroup>
    <ClCompile Include="Main.cpp">
      <Filter>源文件</Filter>
    </ClCompile>
    <ClCompile Include="GameDirectX9.cpp">
      <Filter>源文件</Filter>
    </ClCompile>
    <ClCompile Include="Module.cpp">
      <Filter>源文件</Filter>
    </ClCompile>
    <ClCompile Include="zlib\zutil.c">
      <Filter>zlib\源文件</Filter>
    </ClCompile>
    <ClCompile Include="zlib\uncompr.c">
      <Filter>zlib\源文件</Filter>
    </ClCompile>
    <ClCompile Include="zlib\inftrees.c">
      <Filter>zlib\源文件</Filter>
    </ClCompile>
    <ClCompile Include="zlib\inflate.c">
      <Filter>zlib\源文件</Filter>
    </ClCompile>
    <ClCompile Include="zlib\inffast.c">
      <Filter>zlib\源文件</Filter>
    </ClCompile>
    <ClCompile Include="zlib\crc32.c">
      <Filter>zlib\源文件</Filter>
    </ClCompile>
    <ClCompile Include="zlib\adler32.c">
      <Filter>zlib\源文件</Filter>
    </ClCompile>
    <ClCompile Include="zlib\compress.c">
      <Filter>zlib\源文件</Filter>
    </ClCompile>
    <ClCompile Include="zlib\deflate.c">
      <Filter>zlib\源文件</Filter>
    </ClCompile>
    <ClCompile Include="zlib\gzclose.c">
      <Filter>zlib\源文件</Filter>
    </ClCompile>
    <ClCompile Include="zlib\gzlib.c">
      <Filter>zlib\源文件</Filter>
    </ClCompile>
    <ClCompile Include="zlib\gzread.c">
      <Filter>zlib\源文件</Filter>
    </ClCompile>
    <ClCompile Include="zlib\infback.c">
      <Filter>zlib\源文件</Filter>
    </ClCompile>
    <ClCompile Include="zlib\gzwrite.c">
      <Filter>zlib\源文件</Filter>
    </ClCompile>
    <ClCompile Include="zlib\trees.c">
      <Filter>zlib\源文件</Filter>
    </ClCompile>
    <ClCompile Include="ResouceFile.cpp">
      <Filter>源文件</Filter>
    </ClCompile>
    <ClCompile Include="ImeInput.cpp">
      <Filter>源文件</Filter>
    </ClCompile>
  </ItemGroup>
  <ItemGroup>
    <ClInclude Include="Main.h">
      <Filter>源文件\头文件</Filter>
    </ClInclude>
    <ClInclude Include="GameDirectX9.h">
      <Filter>源文件\头文件</Filter>
    </ClInclude>
    <ClInclude Include="Module.h">
      <Filter>源文件\头文件</Filter>
    </ClInclude>
    <ClInclude Include="zlib\crc32.h">
      <Filter>zlib\头文件</Filter>
    </ClInclude>
    <ClInclude Include="zlib\gzguts.h">
      <Filter>zlib\头文件</Filter>
    </ClInclude>
    <ClInclude Include="zlib\inffast.h">
      <Filter>zlib\头文件</Filter>
    </ClInclude>
    <ClInclude Include="zlib\inflate.h">
      <Filter>zlib\头文件</Filter>
    </ClInclude>
    <ClInclude Include="zlib\inffixed.h">
      <Filter>zlib\头文件</Filter>
    </ClInclude>
    <ClInclude Include="zlib\inftrees.h">
      <Filter>zlib\头文件</Filter>
    </ClInclude>
    <ClInclude Include="zlib\zconf.h">
      <Filter>zlib\头文件</Filter>
    </ClInclude>
    <ClInclude Include="zlib\zlib.h">
      <Filter>zlib\头文件</Filter>
    </ClInclude>
    <ClInclude Include="zlib\zutil.h">
      <Filter>zlib\头文件</Filter>
    </ClInclude>
    <ClInclude Include="zlib\deflate.h">
      <Filter>zlib\头文件</Filter>
    </ClInclude>
    <ClInclude Include="zlib\trees.h">
      <Filter>zlib\头文件</Filter>
    </ClInclude>
    <ClInclude Include="ImeInput.h">
      <Filter>源文件\头文件</Filter>
    </ClInclude>
    <ClInclude Include="ResourceFile.hpp">
      <Filter>源文件\头文件</Filter>
    </ClInclude>
  </ItemGroup>
</Project>